
Microsoft Visual Studio Solution File, Format Version 12.00
# Visual Studio Version 16
VisualStudioVersion = 16.0.36422.26
MinimumVisualStudioVersion = 10.0.40219.1
Project("{FAE04EC0-301F-11D3-BF4B-00C04F79EFBC}") = "01-WebService", "01-WebService\01-WebService.csproj", "{F14CBBF6-02DF-4660-A5A4-2C3CB8BBD7EA}"
EndProject
Global
	GlobalSection(SolutionConfigurationPlatforms) = preSolution
		Debug|Any CPU = Debug|Any CPU
		Release|Any CPU = Release|Any CPU
	EndGlobalSection
	GlobalSection(ProjectConfigurationPlatforms) = postSolution
		{F14CBBF6-02DF-4660-A5A4-2C3CB8BBD7EA}.Debug|Any CPU.ActiveCfg = Debug|Any CPU
		{F14CBBF6-02DF-4660-A5A4-2C3CB8BBD7EA}.Debug|Any CPU.Build.0 = Debug|Any CPU
		{F14CBBF6-02DF-4660-A5A4-2C3CB8BBD7EA}.Release|Any CPU.ActiveCfg = Release|Any CPU
		{F14CBBF6-02DF-4660-A5A4-2C3CB8BBD7EA}.Release|Any CPU.Build.0 = Release|Any CPU
	EndGlobalSection
	GlobalSection(SolutionProperties) = preSolution
		HideSolutionNode = FALSE
	EndGlobalSection
	GlobalSection(ExtensibilityGlobals) = postSolution
		SolutionGuid = {D6D05667-690C-446C-8420-0DCF2CDC92A8}
	EndGlobalSection
EndGlobal
