
Microsoft Visual Studio Solution File, Format Version 12.00
# Visual Studio Version 16
VisualStudioVersion = 16.0.36422.26
MinimumVisualStudioVersion = 10.0.40219.1
Project("{FAE04EC0-301F-11D3-BF4B-00C04F79EFBC}") = "04-ClientTimeOutWebService", "04-ClientTimeOutWebService\04-ClientTimeOutWebService.csproj", "{CF109516-4480-417A-B880-2A77E030DA0A}"
EndProject
Global
	GlobalSection(SolutionConfigurationPlatforms) = preSolution
		Debug|Any CPU = Debug|Any CPU
		Release|Any CPU = Release|Any CPU
	EndGlobalSection
	GlobalSection(ProjectConfigurationPlatforms) = postSolution
		{CF109516-4480-417A-B880-2A77E030DA0A}.Debug|Any CPU.ActiveCfg = Debug|Any CPU
		{CF109516-4480-417A-B880-2A77E030DA0A}.Debug|Any CPU.Build.0 = Debug|Any CPU
		{CF109516-4480-417A-B880-2A77E030DA0A}.Release|Any CPU.ActiveCfg = Release|Any CPU
		{CF109516-4480-417A-B880-2A77E030DA0A}.Release|Any CPU.Build.0 = Release|Any CPU
	EndGlobalSection
	GlobalSection(SolutionProperties) = preSolution
		HideSolutionNode = FALSE
	EndGlobalSection
	GlobalSection(ExtensibilityGlobals) = postSolution
		SolutionGuid = {E4AF67F3-CC14-41CE-8DAF-4C061D9F938E}
	EndGlobalSection
EndGlobal
